
Microsoft Visual Studio Solution File, Format Version 12.00
# Visual Studio Version 17
VisualStudioVersion = 17.0.32112.339
MinimumVisualStudioVersion = 10.0.40219.1
Project("{FAE04EC0-301F-11D3-BF4B-00C04F79EFBC}") = "LabTask-1", "LabTask-1\LabTask-1.csproj", "{11FDA9FE-B429-4A33-AC60-6BBBF154458E}"
EndProject
Global
	GlobalSection(SolutionConfigurationPlatforms) = preSolution
		Debug|Any CPU = Debug|Any CPU
		Release|Any CPU = Release|Any CPU
	EndGlobalSection
	GlobalSection(ProjectConfigurationPlatforms) = postSolution
		{11FDA9FE-B429-4A33-AC60-6BBBF154458E}.Debug|Any CPU.ActiveCfg = Debug|Any CPU
		{11FDA9FE-B429-4A33-AC60-6BBBF154458E}.Debug|Any CPU.Build.0 = Debug|Any CPU
		{11FDA9FE-B429-4A33-AC60-6BBBF154458E}.Release|Any CPU.ActiveCfg = Release|Any CPU
		{11FDA9FE-B429-4A33-AC60-6BBBF154458E}.Release|Any CPU.Build.0 = Release|Any CPU
	EndGlobalSection
	GlobalSection(SolutionProperties) = preSolution
		HideSolutionNode = FALSE
	EndGlobalSection
	GlobalSection(ExtensibilityGlobals) = postSolution
		SolutionGuid = {F948D5CD-150C-46EC-9FD5-CF5C0C1EEF71}
	EndGlobalSection
EndGlobal
